
Microsoft Visual Studio Solution File, Format Version 11.00
# Visual Studio 2010
Project("{FAE04EC0-301F-11D3-BF4B-00C04F79EFBC}") = "StairRunner", "Assembly-CSharp.csproj", "{07917A3C-98B5-7848-7003-8391B8FAB876}"
EndProject
Global
	GlobalSection(SolutionConfigurationPlatforms) = preSolution
		Debug|Any CPU = Debug|Any CPU
		Release|Any CPU = Release|Any CPU
	EndGlobalSection
	GlobalSection(ProjectConfigurationPlatforms) = postSolution
		{07917A3C-98B5-7848-7003-8391B8FAB876}.Debug|Any CPU.ActiveCfg = Debug|Any CPU
		{07917A3C-98B5-7848-7003-8391B8FAB876}.Debug|Any CPU.Build.0 = Debug|Any CPU
		{07917A3C-98B5-7848-7003-8391B8FAB876}.Release|Any CPU.ActiveCfg = Release|Any CPU
		{07917A3C-98B5-7848-7003-8391B8FAB876}.Release|Any CPU.Build.0 = Release|Any CPU
	EndGlobalSection
	GlobalSection(SolutionProperties) = preSolution
		HideSolutionNode = FALSE
	EndGlobalSection
	GlobalSection(MonoDevelopProperties) = preSolution
		StartupItem = Assembly-CSharp.csproj
	EndGlobalSection
EndGlobal
